
Microsoft Visual Studio Solution File, Format Version 12.00
# Visual Studio Version 16
VisualStudioVersion = 16.0.31624.102
MinimumVisualStudioVersion = 10.0.40219.1
Project("{FAE04EC0-301F-11D3-BF4B-00C04F79EFBC}") = "CodingEvaluationPart1", "CodingEvaluationPart1\CodingEvaluationPart1.csproj", "{0A3E10E8-0C01-4068-924C-2D0B54FDA62B}"
EndProject
Global
	GlobalSection(SolutionConfigurationPlatforms) = preSolution
		Debug|Any CPU = Debug|Any CPU
		Release|Any CPU = Release|Any CPU
	EndGlobalSection
	GlobalSection(ProjectConfigurationPlatforms) = postSolution
		{0A3E10E8-0C01-4068-924C-2D0B54FDA62B}.Debug|Any CPU.ActiveCfg = Debug|Any CPU
		{0A3E10E8-0C01-4068-924C-2D0B54FDA62B}.Debug|Any CPU.Build.0 = Debug|Any CPU
		{0A3E10E8-0C01-4068-924C-2D0B54FDA62B}.Release|Any CPU.ActiveCfg = Release|Any CPU
		{0A3E10E8-0C01-4068-924C-2D0B54FDA62B}.Release|Any CPU.Build.0 = Release|Any CPU
	EndGlobalSection
	GlobalSection(SolutionProperties) = preSolution
		HideSolutionNode = FALSE
	EndGlobalSection
	GlobalSection(ExtensibilityGlobals) = postSolution
		SolutionGuid = {B8E7C229-67BC-40D6-95FC-7F9C665E7FCD}
	EndGlobalSection
EndGlobal
